// !$*UTF8*$!
{
	archiveVersion = 1;
	classes = {
	};
	objectVersion = 77;
	objects = {

/* Begin PBXContainerItemProxy section */
		F84609342E46EDA9001C476F /* PBXContainerItemProxy */ = {
			isa = PBXContainerItemProxy;
			containerPortal = F846091E2E46EDA8001C476F /* Project object */;
			proxyType = 1;
			remoteGlobalIDString = F84609252E46EDA8001C476F;
			remoteInfo = SimpleCalendar;
		};
		F846093E2E46EDA9001C476F /* PBXContainerItemProxy */ = {
			isa = PBXContainerItemProxy;
			containerPortal = F846091E2E46EDA8001C476F /* Project object */;
			proxyType = 1;
			remoteGlobalIDString = F84609252E46EDA8001C476F;
			remoteInfo = SimpleCalendar;
		};
/* End PBXContainerItemProxy section */

/* Begin PBXFileReference section */
		F84609262E46EDA8001C476F /* SimpleCalendar.app */ = {isa = PBXFileReference; explicitFileType = wrapper.application; includeInIndex = 0; path = SimpleCalendar.app; sourceTree = BUILT_PRODUCTS_DIR; };
		F84609332E46EDA9001C476F /* SimpleCalendarTests.xctest */ = {isa = PBXFileReference; explicitFileType = wrapper.cfbundle; includeInIndex = 0; path = SimpleCalendarTests.xctest; sourceTree = BUILT_PRODUCTS_DIR; };
		F846093D2E46EDA9001C476F /* SimpleCalendarUITests.xctest */ = {isa = PBXFileReference; explicitFileType = wrapper.cfbundle; includeInIndex = 0; path = SimpleCalendarUITests.xctest; sourceTree = BUILT_PRODUCTS_DIR; };
/* End PBXFileReference section */

/* Begin PBXFileSystemSynchronizedRootGroup section */
		F84609282E46EDA8001C476F /* SimpleCalendar */ = {
			isa = PBXFileSystemSynchronizedRootGroup;
			path = SimpleCalendar;
			sourceTree = "<group>";
		};
		F84609362E46EDA9001C476F /* SimpleCalendarTests */ = {
			isa = PBXFileSystemSynchronizedRootGroup;
			path = SimpleCalendarTests;
			sourceTree = "<group>";
		};
		F84609402E46EDA9001C476F /* SimpleCalendarUITests */ = {
			isa = PBXFileSystemSynchronizedRootGroup;
			path = SimpleCalendarUITests;
			sourceTree = "<group>";
		};
/* End PBXFileSystemSynchronizedRootGroup section */

/* Begin PBXFrameworksBuildPhase section */
		F84609232E46EDA8001C476F /* Frameworks */ = {
			isa = PBXFrameworksBuildPhase;
			buildActionMask = 2147483647;
			files = (
			);
			runOnlyForDeploymentPostprocessing = 0;
		};
		F84609302E46EDA9001C476F /* Frameworks */ = {
			isa = PBXFrameworksBuildPhase;
			buildActionMask = 2147483647;
			files = (
			);
			runOnlyForDeploymentPostprocessing = 0;
		};
		F846093A2E46EDA9001C476F /* Frameworks */ = {
			isa = PBXFrameworksBuildPhase;
			buildActionMask = 2147483647;
			files = (
			);
			runOnlyForDeploymentPostprocessing = 0;
		};
/* End PBXFrameworksBuildPhase section */

/* Begin PBXGroup section */
		F846091D2E46EDA8001C476F = {
			isa = PBXGroup;
			children = (
				F84609282E46EDA8001C476F /* SimpleCalendar */,
				F84609362E46EDA9001C476F /* SimpleCalendarTests */,
				F84609402E46EDA9001C476F /* SimpleCalendarUITests */,
				F84609272E46EDA8001C476F /* Products */,
			);
			sourceTree = "<group>";
		};
		F84609272E46EDA8001C476F /* Products */ = {
			isa = PBXGroup;
			children = (
				F84609262E46EDA8001C476F /* SimpleCalendar.app */,
				F84609332E46EDA9001C476F /* SimpleCalendarTests.xctest */,
				F846093D2E46EDA9001C476F /* SimpleCalendarUITests.xctest */,
			);
			name = Products;
			sourceTree = "<group>";
		};
/* End PBXGroup section */

/* Begin PBXNativeTarget section */
		F84609252E46EDA8001C476F /* SimpleCalendar */ = {
			isa = PBXNativeTarget;
			buildConfigurationList = F84609472E46EDA9001C476F /* Build configuration list for PBXNativeTarget "SimpleCalendar" */;
			buildPhases = (
				F84609222E46EDA8001C476F /* Sources */,
				F84609232E46EDA8001C476F /* Frameworks */,
				F84609242E46EDA8001C476F /* Resources */,
			);
			buildRules = (
			);
			dependencies = (
			);
			fileSystemSynchronizedGroups = (
				F84609282E46EDA8001C476F /* SimpleCalendar */,
			);
			name = SimpleCalendar;
			packageProductDependencies = (
			);
			productName = SimpleCalendar;
			productReference = F84609262E46EDA8001C476F /* SimpleCalendar.app */;
			productType = "com.apple.product-type.application";
		};
		F84609322E46EDA9001C476F /* SimpleCalendarTests */ = {
			isa = PBXNativeTarget;
			buildConfigurationList = F846094A2E46EDA9001C476F /* Build configuration list for PBXNativeTarget "SimpleCalendarTests" */;
			buildPhases = (
				F846092F2E46EDA9001C476F /* Sources */,
				F84609302E46EDA9001C476F /* Frameworks */,
				F84609312E46EDA9001C476F /* Resources */,
			);
			buildRules = (
			);
			dependencies = (
				F84609352E46EDA9001C476F /* PBXTargetDependency */,
			);
			fileSystemSynchronizedGroups = (
				F84609362E46EDA9001C476F /* SimpleCalendarTests */,
			);
			name = SimpleCalendarTests;
			packageProductDependencies = (
			);
			productName = SimpleCalendarTests;
			productReference = F84609332E46EDA9001C476F /* SimpleCalendarTests.xctest */;
			productType = "com.apple.product-type.bundle.unit-test";
		};
		F846093C2E46EDA9001C476F /* SimpleCalendarUITests */ = {
			isa = PBXNativeTarget;
			buildConfigurationList = F846094D2E46EDA9001C476F /* Build configuration list for PBXNativeTarget "SimpleCalendarUITests" */;
			buildPhases = (
				F84609392E46EDA9001C476F /* Sources */,
				F846093A2E46EDA9001C476F /* Frameworks */,
				F846093B2E46EDA9001C476F /* Resources */,
			);
			buildRules = (
			);
			dependencies = (
				F846093F2E46EDA9001C476F /* PBXTargetDependency */,
			);
			fileSystemSynchronizedGroups = (
				F84609402E46EDA9001C476F /* SimpleCalendarUITests */,
			);
			name = SimpleCalendarUITests;
			packageProductDependencies = (
			);
			productName = SimpleCalendarUITests;
			productReference = F846093D2E46EDA9001C476F /* SimpleCalendarUITests.xctest */;
			productType = "com.apple.product-type.bundle.ui-testing";
		};
/* End PBXNativeTarget section */

/* Begin PBXProject section */
		F846091E2E46EDA8001C476F /* Project object */ = {
			isa = PBXProject;
			attributes = {
				BuildIndependentTargetsInParallel = 1;
				LastSwiftUpdateCheck = 1640;
				LastUpgradeCheck = 1640;
				TargetAttributes = {
					F84609252E46EDA8001C476F = {
						CreatedOnToolsVersion = 16.4;
					};
					F84609322E46EDA9001C476F = {
						CreatedOnToolsVersion = 16.4;
						TestTargetID = F84609252E46EDA8001C476F;
					};
					F846093C2E46EDA9001C476F = {
						CreatedOnToolsVersion = 16.4;
						TestTargetID = F84609252E46EDA8001C476F;
					};
				};
			};
			buildConfigurationList = F84609212E46EDA8001C476F /* Build configuration list for PBXProject "SimpleCalendar" */;
			developmentRegion = en;
			hasScannedForEncodings = 0;
			knownRegions = (
				en,
				Base,
			);
			mainGroup = F846091D2E46EDA8001C476F;
			minimizedProjectReferenceProxies = 1;
			preferredProjectObjectVersion = 77;
			productRefGroup = F84609272E46EDA8001C476F /* Products */;
			projectDirPath = "";
			projectRoot = "";
			targets = (
				F84609252E46EDA8001C476F /* SimpleCalendar */,
				F84609322E46EDA9001C476F /* SimpleCalendarTests */,
				F846093C2E46EDA9001C476F /* SimpleCalendarUITests */,
			);
		};
/* End PBXProject section */

/* Begin PBXResourcesBuildPhase section */
		F84609242E46EDA8001C476F /* Resources */ = {
			isa = PBXResourcesBuildPhase;
			buildActionMask = 2147483647;
			files = (
			);
			runOnlyForDeploymentPostprocessing = 0;
		};
		F84609312E46EDA9001C476F /* Resources */ = {
			isa = PBXResourcesBuildPhase;
			buildActionMask = 2147483647;
			files = (
			);
			runOnlyForDeploymentPostprocessing = 0;
		};
		F846093B2E46EDA9001C476F /* Resources */ = {
			isa = PBXResourcesBuildPhase;
			buildActionMask = 2147483647;
			files = (
			);
			runOnlyForDeploymentPostprocessing = 0;
		};
/* End PBXResourcesBuildPhase section */

/* Begin PBXSourcesBuildPhase section */
		F84609222E46EDA8001C476F /* Sources */ = {
			isa = PBXSourcesBuildPhase;
			buildActionMask = 2147483647;
			files = (
			);
			runOnlyForDeploymentPostprocessing = 0;
		};
		F846092F2E46EDA9001C476F /* Sources */ = {
			isa = PBXSourcesBuildPhase;
			buildActionMask = 2147483647;
			files = (
			);
			runOnlyForDeploymentPostprocessing = 0;
		};
		F84609392E46EDA9001C476F /* Sources */ = {
			isa = PBXSourcesBuildPhase;
			buildActionMask = 2147483647;
			files = (
			);
			runOnlyForDeploymentPostprocessing = 0;
		};
/* End PBXSourcesBuildPhase section */

/* Begin PBXTargetDependency section */
		F84609352E46EDA9001C476F /* PBXTargetDependency */ = {
			isa = PBXTargetDependency;
			target = F84609252E46EDA8001C476F /* SimpleCalendar */;
			targetProxy = F84609342E46EDA9001C476F /* PBXContainerItemProxy */;
		};
		F846093F2E46EDA9001C476F /* PBXTargetDependency */ = {
			isa = PBXTargetDependency;
			target = F84609252E46EDA8001C476F /* SimpleCalendar */;
			targetProxy = F846093E2E46EDA9001C476F /* PBXContainerItemProxy */;
		};
/* End PBXTargetDependency section */

/* Begin XCBuildConfiguration section */
		F84609452E46EDA9001C476F /* Debug */ = {
			isa = XCBuildConfiguration;
			buildSettings = {
				ALWAYS_SEARCH_USER_PATHS = NO;
				ASSETCATALOG_COMPILER_GENERATE_SWIFT_ASSET_SYMBOL_EXTENSIONS = YES;
				CLANG_ANALYZER_NONNULL = YES;
				CLANG_ANALYZER_NUMBER_OBJECT_CONVERSION = YES_AGGRESSIVE;
				CLANG_CXX_LANGUAGE_STANDARD = "gnu++20";
				CLANG_ENABLE_MODULES = YES;
				CLANG_ENABLE_OBJC_ARC = YES;
				CLANG_ENABLE_OBJC_WEAK = YES;
				CLANG_WARN_BLOCK_CAPTURE_AUTORELEASING = YES;
				CLANG_WARN_BOOL_CONVERSION = YES;
				CLANG_WARN_COMMA = YES;
				CLANG_WARN_CONSTANT_CONVERSION = YES;
				CLANG_WARN_DEPRECATED_OBJC_IMPLEMENTATIONS = YES;
				CLANG_WARN_DIRECT_OBJC_ISA_USAGE = YES_ERROR;
				CLANG_WARN_DOCUMENTATION_COMMENTS = YES;
				CLANG_WARN_EMPTY_BODY = YES;
				CLANG_WARN_ENUM_CONVERSION = YES;
				CLANG_WARN_INFINITE_RECURSION = YES;
				CLANG_WARN_INT_CONVERSION = YES;
				CLANG_WARN_NON_LITERAL_NULL_CONVERSION = YES;
				CLANG_WARN_OBJC_IMPLICIT_RETAIN_SELF = YES;
				CLANG_WARN_OBJC_LITERAL_CONVERSION = YES;
				CLANG_WARN_OBJC_ROOT_CLASS = YES_ERROR;
				CLANG_WARN_QUOTED_INCLUDE_IN_FRAMEWORK_HEADER = YES;
				CLANG_WARN_RANGE_LOOP_ANALYSIS = YES;
				CLANG_WARN_STRICT_PROTOTYPES = YES;
				CLANG_WARN_SUSPICIOUS_MOVE = YES;
				CLANG_WARN_UNGUARDED_AVAILABILITY = YES_AGGRESSIVE;
				CLANG_WARN_UNREACHABLE_CODE = YES;
				CLANG_WARN__DUPLICATE_METHOD_MATCH = YES;
				COPY_PHASE_STRIP = NO;
				DEBUG_INFORMATION_FORMAT = dwarf;
				DEVELOPMENT_TEAM = 848W6VMJAA;
				ENABLE_STRICT_OBJC_MSGSEND = YES;
				ENABLE_TESTABILITY = YES;
				ENABLE_USER_SCRIPT_SANDBOXING = YES;
				GCC_C_LANGUAGE_STANDARD = gnu17;
				GCC_DYNAMIC_NO_PIC = NO;
				GCC_NO_COMMON_BLOCKS = YES;
				GCC_OPTIMIZATION_LEVEL = 0;
				GCC_PREPROCESSOR_DEFINITIONS = (
					"DEBUG=1",
					"$(inherited)",
				);
				GCC_WARN_64_TO_32_BIT_CONVERSION = YES;
				GCC_WARN_ABOUT_RETURN_TYPE = YES_ERROR;
				GCC_WARN_UNDECLARED_SELECTOR = YES;
				GCC_WARN_UNINITIALIZED_AUTOS = YES_AGGRESSIVE;
				GCC_WARN_UNUSED_FUNCTION = YES;
				GCC_WARN_UNUSED_VARIABLE = YES;
				IPHONEOS_DEPLOYMENT_TARGET = 18.5;
				LOCALIZATION_PREFERS_STRING_CATALOGS = YES;
				MTL_ENABLE_DEBUG_INFO = INCLUDE_SOURCE;
				MTL_FAST_MATH = YES;
				ONLY_ACTIVE_ARCH = YES;
				SDKROOT = iphoneos;
				SWIFT_ACTIVE_COMPILATION_CONDITIONS = "DEBUG $(inherited)";
				SWIFT_OPTIMIZATION_LEVEL = "-Onone";
			};
			name = Debug;
		};
		F84609462E46EDA9001C476F /* Release */ = {
			isa = XCBuildConfiguration;
			buildSettings = {
				ALWAYS_SEARCH_USER_PATHS = NO;
				ASSETCATALOG_COMPILER_GENERATE_SWIFT_ASSET_SYMBOL_EXTENSIONS = YES;
				CLANG_ANALYZER_NONNULL = YES;
				CLANG_ANALYZER_NUMBER_OBJECT_CONVERSION = YES_AGGRESSIVE;
				CLANG_CXX_LANGUAGE_STANDARD = "gnu++20";
				CLANG_ENABLE_MODULES = YES;
				CLANG_ENABLE_OBJC_ARC = YES;
				CLANG_ENABLE_OBJC_WEAK = YES;
				CLANG_WARN_BLOCK_CAPTURE_AUTORELEASING = YES;
				CLANG_WARN_BOOL_CONVERSION = YES;
				CLANG_WARN_COMMA = YES;
				CLANG_WARN_CONSTANT_CONVERSION = YES;
				CLANG_WARN_DEPRECATED_OBJC_IMPLEMENTATIONS = YES;
				CLANG_WARN_DIRECT_OBJC_ISA_USAGE = YES_ERROR;
				CLANG_WARN_DOCUMENTATION_COMMENTS = YES;
				CLANG_WARN_EMPTY_BODY = YES;
				CLANG_WARN_ENUM_CONVERSION = YES;
				CLANG_WARN_INFINITE_RECURSION = YES;
				CLANG_WARN_INT_CONVERSION = YES;
				CLANG_WARN_NON_LITERAL_NULL_CONVERSION = YES;
				CLANG_WARN_OBJC_IMPLICIT_RETAIN_SELF = YES;
				CLANG_WARN_OBJC_LITERAL_CONVERSION = YES;
				CLANG_WARN_OBJC_ROOT_CLASS = YES_ERROR;
				CLANG_WARN_QUOTED_INCLUDE_IN_FRAMEWORK_HEADER = YES;
				CLANG_WARN_RANGE_LOOP_ANALYSIS = YES;
				CLANG_WARN_STRICT_PROTOTYPES = YES;
				CLANG_WARN_SUSPICIOUS_MOVE = YES;
				CLANG_WARN_UNGUARDED_AVAILABILITY = YES_AGGRESSIVE;
				CLANG_WARN_UNREACHABLE_CODE = YES;
				CLANG_WARN__DUPLICATE_METHOD_MATCH = YES;
				COPY_PHASE_STRIP = NO;
				DEBUG_INFORMATION_FORMAT = "dwarf-with-dsym";
				DEVELOPMENT_TEAM = 848W6VMJAA;
				ENABLE_NS_ASSERTIONS = NO;
				ENABLE_STRICT_OBJC_MSGSEND = YES;
				ENABLE_USER_SCRIPT_SANDBOXING = YES;
				GCC_C_LANGUAGE_STANDARD = gnu17;
				GCC_NO_COMMON_BLOCKS = YES;
				GCC_WARN_64_TO_32_BIT_CONVERSION = YES;
				GCC_WARN_ABOUT_RETURN_TYPE = YES_ERROR;
				GCC_WARN_UNDECLARED_SELECTOR = YES;
				GCC_WARN_UNINITIALIZED_AUTOS = YES_AGGRESSIVE;
				GCC_WARN_UNUSED_FUNCTION = YES;
				GCC_WARN_UNUSED_VARIABLE = YES;
				IPHONEOS_DEPLOYMENT_TARGET = 18.5;
				LOCALIZATION_PREFERS_STRING_CATALOGS = YES;
				MTL_ENABLE_DEBUG_INFO = NO;
				MTL_FAST_MATH = YES;
				SDKROOT = iphoneos;
				SWIFT_COMPILATION_MODE = wholemodule;
				VALIDATE_PRODUCT = YES;
			};
			name = Release;
		};
		F84609482E46EDA9001C476F /* Debug */ = {
			isa = XCBuildConfiguration;
			buildSettings = {
				ASSETCATALOG_COMPILER_APPICON_NAME = AppIcon;
				ASSETCATALOG_COMPILER_GLOBAL_ACCENT_COLOR_NAME = AccentColor;
				CODE_SIGN_STYLE = Automatic;
				CURRENT_PROJECT_VERSION = 1;
				DEVELOPMENT_TEAM = 848W6VMJAA;
				ENABLE_PREVIEWS = YES;
				GENERATE_INFOPLIST_FILE = YES;
				INFOPLIST_KEY_UIApplicationSceneManifest_Generation = YES;
				INFOPLIST_KEY_UIApplicationSupportsIndirectInputEvents = YES;
				INFOPLIST_KEY_UILaunchScreen_Generation = YES;
				INFOPLIST_KEY_UISupportedInterfaceOrientations_iPad = "UIInterfaceOrientationPortrait UIInterfaceOrientationPortraitUpsideDown UIInterfaceOrientationLandscapeLeft UIInterfaceOrientationLandscapeRight";
				INFOPLIST_KEY_UISupportedInterfaceOrientations_iPhone = "UIInterfaceOrientationPortrait UIInterfaceOrientationLandscapeLeft UIInterfaceOrientationLandscapeRight";
				LD_RUNPATH_SEARCH_PATHS = (
					"$(inherited)",
					"@executable_path/Frameworks",
				);
				MARKETING_VERSION = 1.0;
				PRODUCT_BUNDLE_IDENTIFIER = com.geanpierre.SimpleCalendar;
				PRODUCT_NAME = "$(TARGET_NAME)";
				SWIFT_EMIT_LOC_STRINGS = YES;
				SWIFT_VERSION = 5.0;
				TARGETED_DEVICE_FAMILY = "1,2";
			};
			name = Debug;
		};
		F84609492E46EDA9001C476F /* Release */ = {
			isa = XCBuildConfiguration;
			buildSettings = {
				ASSETCATALOG_COMPILER_APPICON_NAME = AppIcon;
				ASSETCATALOG_COMPILER_GLOBAL_ACCENT_COLOR_NAME = AccentColor;
				CODE_SIGN_STYLE = Automatic;
				CURRENT_PROJECT_VERSION = 1;
				DEVELOPMENT_TEAM = 848W6VMJAA;
				ENABLE_PREVIEWS = YES;
				GENERATE_INFOPLIST_FILE = YES;
				INFOPLIST_KEY_UIApplicationSceneManifest_Generation = YES;
				INFOPLIST_KEY_UIApplicationSupportsIndirectInputEvents = YES;
				INFOPLIST_KEY_UILaunchScreen_Generation = YES;
				INFOPLIST_KEY_UISupportedInterfaceOrientations_iPad = "UIInterfaceOrientationPortrait UIInterfaceOrientationPortraitUpsideDown UIInterfaceOrientationLandscapeLeft UIInterfaceOrientationLandscapeRight";
				INFOPLIST_KEY_UISupportedInterfaceOrientations_iPhone = "UIInterfaceOrientationPortrait UIInterfaceOrientationLandscapeLeft UIInterfaceOrientationLandscapeRight";
				LD_RUNPATH_SEARCH_PATHS = (
					"$(inherited)",
					"@executable_path/Frameworks",
				);
				MARKETING_VERSION = 1.0;
				PRODUCT_BUNDLE_IDENTIFIER = com.geanpierre.SimpleCalendar;
				PRODUCT_NAME = "$(TARGET_NAME)";
				SWIFT_EMIT_LOC_STRINGS = YES;
				SWIFT_VERSION = 5.0;
				TARGETED_DEVICE_FAMILY = "1,2";
			};
			name = Release;
		};
		F846094B2E46EDA9001C476F /* Debug */ = {
			isa = XCBuildConfiguration;
			buildSettings = {
				BUNDLE_LOADER = "$(TEST_HOST)";
				CODE_SIGN_STYLE = Automatic;
				CURRENT_PROJECT_VERSION = 1;
				DEVELOPMENT_TEAM = 848W6VMJAA;
				GENERATE_INFOPLIST_FILE = YES;
				IPHONEOS_DEPLOYMENT_TARGET = 18.5;
				MARKETING_VERSION = 1.0;
				PRODUCT_BUNDLE_IDENTIFIER = com.geanpierre.SimpleCalendarTests;
				PRODUCT_NAME = "$(TARGET_NAME)";
				SWIFT_EMIT_LOC_STRINGS = NO;
				SWIFT_VERSION = 5.0;
				TARGETED_DEVICE_FAMILY = "1,2";
				TEST_HOST = "$(BUILT_PRODUCTS_DIR)/SimpleCalendar.app/$(BUNDLE_EXECUTABLE_FOLDER_PATH)/SimpleCalendar";
			};
			name = Debug;
		};
		F846094C2E46EDA9001C476F /* Release */ = {
			isa = XCBuildConfiguration;
			buildSettings = {
				BUNDLE_LOADER = "$(TEST_HOST)";
				CODE_SIGN_STYLE = Automatic;
				CURRENT_PROJECT_VERSION = 1;
				DEVELOPMENT_TEAM = 848W6VMJAA;
				GENERATE_INFOPLIST_FILE = YES;
				IPHONEOS_DEPLOYMENT_TARGET = 18.5;
				MARKETING_VERSION = 1.0;
				PRODUCT_BUNDLE_IDENTIFIER = com.geanpierre.SimpleCalendarTests;
				PRODUCT_NAME = "$(TARGET_NAME)";
				SWIFT_EMIT_LOC_STRINGS = NO;
				SWIFT_VERSION = 5.0;
				TARGETED_DEVICE_FAMILY = "1,2";
				TEST_HOST = "$(BUILT_PRODUCTS_DIR)/SimpleCalendar.app/$(BUNDLE_EXECUTABLE_FOLDER_PATH)/SimpleCalendar";
			};
			name = Release;
		};
		F846094E2E46EDA9001C476F /* Debug */ = {
			isa = XCBuildConfiguration;
			buildSettings = {
				CODE_SIGN_STYLE = Automatic;
				CURRENT_PROJECT_VERSION = 1;
				DEVELOPMENT_TEAM = 848W6VMJAA;
				GENERATE_INFOPLIST_FILE = YES;
				MARKETING_VERSION = 1.0;
				PRODUCT_BUNDLE_IDENTIFIER = com.geanpierre.SimpleCalendarUITests;
				PRODUCT_NAME = "$(TARGET_NAME)";
				SWIFT_EMIT_LOC_STRINGS = NO;
				SWIFT_VERSION = 5.0;
				TARGETED_DEVICE_FAMILY = "1,2";
				TEST_TARGET_NAME = SimpleCalendar;
			};
			name = Debug;
		};
		F846094F2E46EDA9001C476F /* Release */ = {
			isa = XCBuildConfiguration;
			buildSettings = {
				CODE_SIGN_STYLE = Automatic;
				CURRENT_PROJECT_VERSION = 1;
				DEVELOPMENT_TEAM = 848W6VMJAA;
				GENERATE_INFOPLIST_FILE = YES;
				MARKETING_VERSION = 1.0;
				PRODUCT_BUNDLE_IDENTIFIER = com.geanpierre.SimpleCalendarUITests;
				PRODUCT_NAME = "$(TARGET_NAME)";
				SWIFT_EMIT_LOC_STRINGS = NO;
				SWIFT_VERSION = 5.0;
				TARGETED_DEVICE_FAMILY = "1,2";
				TEST_TARGET_NAME = SimpleCalendar;
			};
			name = Release;
		};
/* End XCBuildConfiguration section */

/* Begin XCConfigurationList section */
		F84609212E46EDA8001C476F /* Build configuration list for PBXProject "SimpleCalendar" */ = {
			isa = XCConfigurationList;
			buildConfigurations = (
				F84609452E46EDA9001C476F /* Debug */,
				F84609462E46EDA9001C476F /* Release */,
			);
			defaultConfigurationIsVisible = 0;
			defaultConfigurationName = Release;
		};
		F84609472E46EDA9001C476F /* Build configuration list for PBXNativeTarget "SimpleCalendar" */ = {
			isa = XCConfigurationList;
			buildConfigurations = (
				F84609482E46EDA9001C476F /* Debug */,
				F84609492E46EDA9001C476F /* Release */,
			);
			defaultConfigurationIsVisible = 0;
			defaultConfigurationName = Release;
		};
		F846094A2E46EDA9001C476F /* Build configuration list for PBXNativeTarget "SimpleCalendarTests" */ = {
			isa = XCConfigurationList;
			buildConfigurations = (
				F846094B2E46EDA9001C476F /* Debug */,
				F846094C2E46EDA9001C476F /* Release */,
			);
			defaultConfigurationIsVisible = 0;
			defaultConfigurationName = Release;
		};
		F846094D2E46EDA9001C476F /* Build configuration list for PBXNativeTarget "SimpleCalendarUITests" */ = {
			isa = XCConfigurationList;
			buildConfigurations = (
				F846094E2E46EDA9001C476F /* Debug */,
				F846094F2E46EDA9001C476F /* Release */,
			);
			defaultConfigurationIsVisible = 0;
			defaultConfigurationName = Release;
		};
/* End XCConfigurationList section */
	};
	rootObject = F846091E2E46EDA8001C476F /* Project object */;
}
